
Microsoft Visual Studio Solution File, Format Version 12.00
# Visual Studio Version 17
VisualStudioVersion = 17.8.34112.27
MinimumVisualStudioVersion = 10.0.40219.1
Project("{9A19103F-16F7-4668-BE54-9A1E7A4F7556}") = "StreamRip", "StreamRip\StreamRip.csproj", "{B18E5BAE-08C3-4092-93CD-5F88DE4FF2B8}"
	ProjectSection(ProjectDependencies) = postProject
		{894C5A87-13A4-4863-8CD1-C2D20E56E54F} = {894C5A87-13A4-4863-8CD1-C2D20E56E54F}
	EndProjectSection
EndProject
Project("{54435603-DBB4-11D2-8724-00A0C9A8B90C}") = "StreamRipSetup", "StreamRipSetup\StreamRipSetup.vdproj", "{07D9DCA9-7540-4A3D-AA12-6636A8C8ED7A}"
EndProject
Project("{9A19103F-16F7-4668-BE54-9A1E7A4F7556}") = "Stream-ripper", "Stream-ripper\Stream-ripper.csproj", "{894C5A87-13A4-4863-8CD1-C2D20E56E54F}"
EndProject
Global
	GlobalSection(SolutionConfigurationPlatforms) = preSolution
		Debug|Any CPU = Debug|Any CPU
		Release|Any CPU = Release|Any CPU
	EndGlobalSection
	GlobalSection(ProjectConfigurationPlatforms) = postSolution
		{B18E5BAE-08C3-4092-93CD-5F88DE4FF2B8}.Debug|Any CPU.ActiveCfg = Debug|Any CPU
		{B18E5BAE-08C3-4092-93CD-5F88DE4FF2B8}.Debug|Any CPU.Build.0 = Debug|Any CPU
		{B18E5BAE-08C3-4092-93CD-5F88DE4FF2B8}.Release|Any CPU.ActiveCfg = Release|Any CPU
		{B18E5BAE-08C3-4092-93CD-5F88DE4FF2B8}.Release|Any CPU.Build.0 = Release|Any CPU
		{07D9DCA9-7540-4A3D-AA12-6636A8C8ED7A}.Debug|Any CPU.ActiveCfg = Debug
		{07D9DCA9-7540-4A3D-AA12-6636A8C8ED7A}.Release|Any CPU.ActiveCfg = Release
		{894C5A87-13A4-4863-8CD1-C2D20E56E54F}.Debug|Any CPU.ActiveCfg = Debug|Any CPU
		{894C5A87-13A4-4863-8CD1-C2D20E56E54F}.Debug|Any CPU.Build.0 = Debug|Any CPU
		{894C5A87-13A4-4863-8CD1-C2D20E56E54F}.Release|Any CPU.ActiveCfg = Release|Any CPU
		{894C5A87-13A4-4863-8CD1-C2D20E56E54F}.Release|Any CPU.Build.0 = Release|Any CPU
	EndGlobalSection
	GlobalSection(SolutionProperties) = preSolution
		HideSolutionNode = FALSE
	EndGlobalSection
	GlobalSection(ExtensibilityGlobals) = postSolution
		SolutionGuid = {CB0CD8A8-53B3-4A0D-B1CF-B60DC3A3B90A}
	EndGlobalSection
EndGlobal
